// !$*UTF8*$!
{
	archiveVersion = 1;
	classes = {
	};
	objectVersion = 46;
	objects = {

/* Begin PBXBuildFile section */
		700C87DD154329E20028F974 /* AboutViewController.m in Sources */ = {isa = PBXBuildFile; fileRef = 700C87DC154329E20028F974 /* AboutViewController.m */; };
		700C87E215435C930028F974 /* iss.jpg in Resources */ = {isa = PBXBuildFile; fileRef = 700C87E015435C930028F974 /* iss.jpg */; };
		700C87E315435C930028F974 /* iss@2x.jpg in Resources */ = {isa = PBXBuildFile; fileRef = 700C87E115435C930028F974 /* iss@2x.jpg */; };
		700C87EF1543640C0028F974 /* heavy_rain.png in Resources */ = {isa = PBXBuildFile; fileRef = 700C87E71543640C0028F974 /* heavy_rain.png */; };
		700C87F01543640C0028F974 /* heavy_rain@2x.png in Resources */ = {isa = PBXBuildFile; fileRef = 700C87E81543640C0028F974 /* heavy_rain@2x.png */; };
		700C87F11543640C0028F974 /* heavy_snow.png in Resources */ = {isa = PBXBuildFile; fileRef = 700C87E91543640C0028F974 /* heavy_snow.png */; };
		700C87F21543640C0028F974 /* heavy_snow@2x.png in Resources */ = {isa = PBXBuildFile; fileRef = 700C87EA1543640C0028F974 /* heavy_snow@2x.png */; };
		700C87F31543640C0028F974 /* light_rain.png in Resources */ = {isa = PBXBuildFile; fileRef = 700C87EB1543640C0028F974 /* light_rain.png */; };
		700C87F41543640C0028F974 /* light_rain@2x.png in Resources */ = {isa = PBXBuildFile; fileRef = 700C87EC1543640C0028F974 /* light_rain@2x.png */; };
		700C87F51543640C0028F974 /* light_snow.png in Resources */ = {isa = PBXBuildFile; fileRef = 700C87ED1543640C0028F974 /* light_snow.png */; };
		700C87F61543640C0028F974 /* light_snow@2x.png in Resources */ = {isa = PBXBuildFile; fileRef = 700C87EE1543640C0028F974 /* light_snow@2x.png */; };
		700C87FB154385730028F974 /* aurora.jpg in Resources */ = {isa = PBXBuildFile; fileRef = 700C87F7154385730028F974 /* aurora.jpg */; };
		700C87FC154385730028F974 /* aurora@2x.jpg in Resources */ = {isa = PBXBuildFile; fileRef = 700C87F8154385730028F974 /* aurora@2x.jpg */; };
		700C87FD154385730028F974 /* hubble.jpg in Resources */ = {isa = PBXBuildFile; fileRef = 700C87F9154385730028F974 /* hubble.jpg */; };
		700C87FE154385730028F974 /* hubble@2x.jpg in Resources */ = {isa = PBXBuildFile; fileRef = 700C87FA154385730028F974 /* hubble@2x.jpg */; };
		700C8816154388620028F974 /* AFHTTPClient.m in Sources */ = {isa = PBXBuildFile; fileRef = 700C8801154388620028F974 /* AFHTTPClient.m */; settings = {COMPILER_FLAGS = "-fno-objc-arc"; }; };
		700C8817154388620028F974 /* AFHTTPRequestOperation.m in Sources */ = {isa = PBXBuildFile; fileRef = 700C8802154388620028F974 /* AFHTTPRequestOperation.m */; settings = {COMPILER_FLAGS = "-fno-objc-arc"; }; };
		700C8818154388620028F974 /* AFImageRequestOperation.m in Sources */ = {isa = PBXBuildFile; fileRef = 700C8803154388620028F974 /* AFImageRequestOperation.m */; settings = {COMPILER_FLAGS = "-fno-objc-arc"; }; };
		700C8819154388620028F974 /* AFJSONRequestOperation.m in Sources */ = {isa = PBXBuildFile; fileRef = 700C8804154388620028F974 /* AFJSONRequestOperation.m */; settings = {COMPILER_FLAGS = "-fno-objc-arc"; }; };
		700C881A154388620028F974 /* AFJSONUtilities.m in Sources */ = {isa = PBXBuildFile; fileRef = 700C8805154388620028F974 /* AFJSONUtilities.m */; settings = {COMPILER_FLAGS = "-fno-objc-arc"; }; };
		700C881B154388620028F974 /* AFNetworkActivityIndicatorManager.m in Sources */ = {isa = PBXBuildFile; fileRef = 700C8806154388620028F974 /* AFNetworkActivityIndicatorManager.m */; settings = {COMPILER_FLAGS = "-fno-objc-arc"; }; };
		700C881C154388620028F974 /* AFPropertyListRequestOperation.m in Sources */ = {isa = PBXBuildFile; fileRef = 700C8807154388620028F974 /* AFPropertyListRequestOperation.m */; settings = {COMPILER_FLAGS = "-fno-objc-arc"; }; };
		700C881D154388620028F974 /* AFURLConnectionOperation.m in Sources */ = {isa = PBXBuildFile; fileRef = 700C8808154388620028F974 /* AFURLConnectionOperation.m */; settings = {COMPILER_FLAGS = "-fno-objc-arc"; }; };
		700C881E154388620028F974 /* AFXMLRequestOperation.m in Sources */ = {isa = PBXBuildFile; fileRef = 700C8809154388620028F974 /* AFXMLRequestOperation.m */; settings = {COMPILER_FLAGS = "-fno-objc-arc"; }; };
		700C881F154388620028F974 /* UIImageView+AFNetworking.m in Sources */ = {isa = PBXBuildFile; fileRef = 700C880A154388620028F974 /* UIImageView+AFNetworking.m */; settings = {COMPILER_FLAGS = "-fno-objc-arc"; }; };
		700C8821154403BF0028F974 /* CoreLocation.framework in Frameworks */ = {isa = PBXBuildFile; fileRef = 700C8820154403BF0028F974 /* CoreLocation.framework */; };
		700C882A15440F990028F974 /* cloud_clear.png in Resources */ = {isa = PBXBuildFile; fileRef = 700C882215440F990028F974 /* cloud_clear.png */; };
		700C882B15440F990028F974 /* cloud_clear@2x.png in Resources */ = {isa = PBXBuildFile; fileRef = 700C882315440F990028F974 /* cloud_clear@2x.png */; };
		700C882C15440F990028F974 /* cloud_mainly.png in Resources */ = {isa = PBXBuildFile; fileRef = 700C882415440F990028F974 /* cloud_mainly.png */; };
		700C882D15440F990028F974 /* cloud_mainly@2x.png in Resources */ = {isa = PBXBuildFile; fileRef = 700C882515440F990028F974 /* cloud_mainly@2x.png */; };
		700C882E15440F990028F974 /* cloud_obscured.png in Resources */ = {isa = PBXBuildFile; fileRef = 700C882615440F990028F974 /* cloud_obscured.png */; };
		700C882F15440F990028F974 /* cloud_obscured@2x.png in Resources */ = {isa = PBXBuildFile; fileRef = 700C882715440F990028F974 /* cloud_obscured@2x.png */; };
		700C883015440F990028F974 /* cloud_partial.png in Resources */ = {isa = PBXBuildFile; fileRef = 700C882815440F990028F974 /* cloud_partial.png */; };
		700C883115440F990028F974 /* cloud_partial@2x.png in Resources */ = {isa = PBXBuildFile; fileRef = 700C882915440F990028F974 /* cloud_partial@2x.png */; };
		700C8834154411070028F974 /* meteorshower.jpg in Resources */ = {isa = PBXBuildFile; fileRef = 700C8832154411070028F974 /* meteorshower.jpg */; };
		700C8835154411070028F974 /* meteorshower@2x.jpg in Resources */ = {isa = PBXBuildFile; fileRef = 700C8833154411070028F974 /* meteorshower@2x.jpg */; };
		700C8838154414180028F974 /* about.html in Resources */ = {isa = PBXBuildFile; fileRef = 700C8837154414180028F974 /* about.html */; };
		700C883A154415770028F974 /* logo.png in Resources */ = {isa = PBXBuildFile; fileRef = 700C8839154415770028F974 /* logo.png */; };
		70C567201542EC8600965BFC /* UIKit.framework in Frameworks */ = {isa = PBXBuildFile; fileRef = 70C5671F1542EC8600965BFC /* UIKit.framework */; };
		70C567221542EC8600965BFC /* Foundation.framework in Frameworks */ = {isa = PBXBuildFile; fileRef = 70C567211542EC8600965BFC /* Foundation.framework */; };
		70C567241542EC8600965BFC /* CoreGraphics.framework in Frameworks */ = {isa = PBXBuildFile; fileRef = 70C567231542EC8600965BFC /* CoreGraphics.framework */; };
		70C5672A1542EC8600965BFC /* InfoPlist.strings in Resources */ = {isa = PBXBuildFile; fileRef = 70C567281542EC8600965BFC /* InfoPlist.strings */; };
		70C5672C1542EC8600965BFC /* main.m in Sources */ = {isa = PBXBuildFile; fileRef = 70C5672B1542EC8600965BFC /* main.m */; };
		70C567301542EC8600965BFC /* AppDelegate.m in Sources */ = {isa = PBXBuildFile; fileRef = 70C5672F1542EC8600965BFC /* AppDelegate.m */; };
		70C567331542EC8600965BFC /* MainStoryboard_iPhone.storyboard in Resources */ = {isa = PBXBuildFile; fileRef = 70C567311542EC8600965BFC /* MainStoryboard_iPhone.storyboard */; };
		70C567361542EC8600965BFC /* MainStoryboard_iPad.storyboard in Resources */ = {isa = PBXBuildFile; fileRef = 70C567341542EC8600965BFC /* MainStoryboard_iPad.storyboard */; };
		70C567391542EC8600965BFC /* MainViewController.m in Sources */ = {isa = PBXBuildFile; fileRef = 70C567381542EC8600965BFC /* MainViewController.m */; };
		70C567441542F3E600965BFC /* EventViewController.m in Sources */ = {isa = PBXBuildFile; fileRef = 70C567431542F3E600965BFC /* EventViewController.m */; };
/* End PBXBuildFile section */

/* Begin PBXFileReference section */
		700C87DB154329E20028F974 /* AboutViewController.h */ = {isa = PBXFileReference; fileEncoding = 4; lastKnownFileType = sourcecode.c.h; path = AboutViewController.h; sourceTree = "<group>"; };
		700C87DC154329E20028F974 /* AboutViewController.m */ = {isa = PBXFileReference; fileEncoding = 4; lastKnownFileType = sourcecode.c.objc; path = AboutViewController.m; sourceTree = "<group>"; };
		700C87E015435C930028F974 /* iss.jpg */ = {isa = PBXFileReference; lastKnownFileType = image.jpeg; path = iss.jpg; sourceTree = "<group>"; };
		700C87E115435C930028F974 /* iss@2x.jpg */ = {isa = PBXFileReference; lastKnownFileType = image.jpeg; path = "iss@2x.jpg"; sourceTree = "<group>"; };
		700C87E71543640C0028F974 /* heavy_rain.png */ = {isa = PBXFileReference; lastKnownFileType = image.png; path = heavy_rain.png; sourceTree = "<group>"; };
		700C87E81543640C0028F974 /* heavy_rain@2x.png */ = {isa = PBXFileReference; lastKnownFileType = image.png; path = "heavy_rain@2x.png"; sourceTree = "<group>"; };
		700C87E91543640C0028F974 /* heavy_snow.png */ = {isa = PBXFileReference; lastKnownFileType = image.png; path = heavy_snow.png; sourceTree = "<group>"; };
		700C87EA1543640C0028F974 /* heavy_snow@2x.png */ = {isa = PBXFileReference; lastKnownFileType = image.png; path = "heavy_snow@2x.png"; sourceTree = "<group>"; };
		700C87EB1543640C0028F974 /* light_rain.png */ = {isa = PBXFileReference; lastKnownFileType = image.png; path = light_rain.png; sourceTree = "<group>"; };
		700C87EC1543640C0028F974 /* light_rain@2x.png */ = {isa = PBXFileReference; lastKnownFileType = image.png; path = "light_rain@2x.png"; sourceTree = "<group>"; };
		700C87ED1543640C0028F974 /* light_snow.png */ = {isa = PBXFileReference; lastKnownFileType = image.png; path = light_snow.png; sourceTree = "<group>"; };
		700C87EE1543640C0028F974 /* light_snow@2x.png */ = {isa = PBXFileReference; lastKnownFileType = image.png; path = "light_snow@2x.png"; sourceTree = "<group>"; };
		700C87F7154385730028F974 /* aurora.jpg */ = {isa = PBXFileReference; lastKnownFileType = image.jpeg; path = aurora.jpg; sourceTree = "<group>"; };
		700C87F8154385730028F974 /* aurora@2x.jpg */ = {isa = PBXFileReference; lastKnownFileType = image.jpeg; path = "aurora@2x.jpg"; sourceTree = "<group>"; };
		700C87F9154385730028F974 /* hubble.jpg */ = {isa = PBXFileReference; lastKnownFileType = image.jpeg; path = hubble.jpg; sourceTree = "<group>"; };
		700C87FA154385730028F974 /* hubble@2x.jpg */ = {isa = PBXFileReference; lastKnownFileType = image.jpeg; path = "hubble@2x.jpg"; sourceTree = "<group>"; };
		700C8801154388620028F974 /* AFHTTPClient.m */ = {isa = PBXFileReference; fileEncoding = 4; lastKnownFileType = sourcecode.c.objc; name = AFHTTPClient.m; path = ../../Libraries/AFNetworking/AFNetworking/AFHTTPClient.m; sourceTree = "<group>"; };
		700C8802154388620028F974 /* AFHTTPRequestOperation.m */ = {isa = PBXFileReference; fileEncoding = 4; lastKnownFileType = sourcecode.c.objc; name = AFHTTPRequestOperation.m; path = ../../Libraries/AFNetworking/AFNetworking/AFHTTPRequestOperation.m; sourceTree = "<group>"; };
		700C8803154388620028F974 /* AFImageRequestOperation.m */ = {isa = PBXFileReference; fileEncoding = 4; lastKnownFileType = sourcecode.c.objc; name = AFImageRequestOperation.m; path = ../../Libraries/AFNetworking/AFNetworking/AFImageRequestOperation.m; sourceTree = "<group>"; };
		700C8804154388620028F974 /* AFJSONRequestOperation.m */ = {isa = PBXFileReference; fileEncoding = 4; lastKnownFileType = sourcecode.c.objc; name = AFJSONRequestOperation.m; path = ../../Libraries/AFNetworking/AFNetworking/AFJSONRequestOperation.m; sourceTree = "<group>"; };
		700C8805154388620028F974 /* AFJSONUtilities.m */ = {isa = PBXFileReference; fileEncoding = 4; lastKnownFileType = sourcecode.c.objc; name = AFJSONUtilities.m; path = ../../Libraries/AFNetworking/AFNetworking/AFJSONUtilities.m; sourceTree = "<group>"; };
		700C8806154388620028F974 /* AFNetworkActivityIndicatorManager.m */ = {isa = PBXFileReference; fileEncoding = 4; lastKnownFileType = sourcecode.c.objc; name = AFNetworkActivityIndicatorManager.m; path = ../../Libraries/AFNetworking/AFNetworking/AFNetworkActivityIndicatorManager.m; sourceTree = "<group>"; };
		700C8807154388620028F974 /* AFPropertyListRequestOperation.m */ = {isa = PBXFileReference; fileEncoding = 4; lastKnownFileType = sourcecode.c.objc; name = AFPropertyListRequestOperation.m; path = ../../Libraries/AFNetworking/AFNetworking/AFPropertyListRequestOperation.m; sourceTree = "<group>"; };
		700C8808154388620028F974 /* AFURLConnectionOperation.m */ = {isa = PBXFileReference; fileEncoding = 4; lastKnownFileType = sourcecode.c.objc; name = AFURLConnectionOperation.m; path = ../../Libraries/AFNetworking/AFNetworking/AFURLConnectionOperation.m; sourceTree = "<group>"; };
		700C8809154388620028F974 /* AFXMLRequestOperation.m */ = {isa = PBXFileReference; fileEncoding = 4; lastKnownFileType = sourcecode.c.objc; name = AFXMLRequestOperation.m; path = ../../Libraries/AFNetworking/AFNetworking/AFXMLRequestOperation.m; sourceTree = "<group>"; };
		700C880A154388620028F974 /* UIImageView+AFNetworking.m */ = {isa = PBXFileReference; fileEncoding = 4; lastKnownFileType = sourcecode.c.objc; name = "UIImageView+AFNetworking.m"; path = "../../Libraries/AFNetworking/AFNetworking/UIImageView+AFNetworking.m"; sourceTree = "<group>"; };
		700C880B154388620028F974 /* AFHTTPClient.h */ = {isa = PBXFileReference; fileEncoding = 4; lastKnownFileType = sourcecode.c.h; name = AFHTTPClient.h; path = ../../Libraries/AFNetworking/AFNetworking/AFHTTPClient.h; sourceTree = "<group>"; };
		700C880C154388620028F974 /* AFHTTPRequestOperation.h */ = {isa = PBXFileReference; fileEncoding = 4; lastKnownFileType = sourcecode.c.h; name = AFHTTPRequestOperation.h; path = ../../Libraries/AFNetworking/AFNetworking/AFHTTPRequestOperation.h; sourceTree = "<group>"; };
		700C880D154388620028F974 /* AFImageRequestOperation.h */ = {isa = PBXFileReference; fileEncoding = 4; lastKnownFileType = sourcecode.c.h; name = AFImageRequestOperation.h; path = ../../Libraries/AFNetworking/AFNetworking/AFImageRequestOperation.h; sourceTree = "<group>"; };
		700C880E154388620028F974 /* AFJSONRequestOperation.h */ = {isa = PBXFileReference; fileEncoding = 4; lastKnownFileType = sourcecode.c.h; name = AFJSONRequestOperation.h; path = ../../Libraries/AFNetworking/AFNetworking/AFJSONRequestOperation.h; sourceTree = "<group>"; };
		700C880F154388620028F974 /* AFJSONUtilities.h */ = {isa = PBXFileReference; fileEncoding = 4; lastKnownFileType = sourcecode.c.h; name = AFJSONUtilities.h; path = ../../Libraries/AFNetworking/AFNetworking/AFJSONUtilities.h; sourceTree = "<group>"; };
		700C8810154388620028F974 /* AFNetworkActivityIndicatorManager.h */ = {isa = PBXFileReference; fileEncoding = 4; lastKnownFileType = sourcecode.c.h; name = AFNetworkActivityIndicatorManager.h; path = ../../Libraries/AFNetworking/AFNetworking/AFNetworkActivityIndicatorManager.h; sourceTree = "<group>"; };
		700C8811154388620028F974 /* AFNetworking.h */ = {isa = PBXFileReference; fileEncoding = 4; lastKnownFileType = sourcecode.c.h; name = AFNetworking.h; path = ../../Libraries/AFNetworking/AFNetworking/AFNetworking.h; sourceTree = "<group>"; };
		700C8812154388620028F974 /* AFPropertyListRequestOperation.h */ = {isa = PBXFileReference; fileEncoding = 4; lastKnownFileType = sourcecode.c.h; name = AFPropertyListRequestOperation.h; path = ../../Libraries/AFNetworking/AFNetworking/AFPropertyListRequestOperation.h; sourceTree = "<group>"; };
		700C8813154388620028F974 /* AFURLConnectionOperation.h */ = {isa = PBXFileReference; fileEncoding = 4; lastKnownFileType = sourcecode.c.h; name = AFURLConnectionOperation.h; path = ../../Libraries/AFNetworking/AFNetworking/AFURLConnectionOperation.h; sourceTree = "<group>"; };
		700C8814154388620028F974 /* AFXMLRequestOperation.h */ = {isa = PBXFileReference; fileEncoding = 4; lastKnownFileType = sourcecode.c.h; name = AFXMLRequestOperation.h; path = ../../Libraries/AFNetworking/AFNetworking/AFXMLRequestOperation.h; sourceTree = "<group>"; };
		700C8815154388620028F974 /* UIImageView+AFNetworking.h */ = {isa = PBXFileReference; fileEncoding = 4; lastKnownFileType = sourcecode.c.h; name = "UIImageView+AFNetworking.h"; path = "../../Libraries/AFNetworking/AFNetworking/UIImageView+AFNetworking.h"; sourceTree = "<group>"; };
		700C8820154403BF0028F974 /* CoreLocation.framework */ = {isa = PBXFileReference; lastKnownFileType = wrapper.framework; name = CoreLocation.framework; path = System/Library/Frameworks/CoreLocation.framework; sourceTree = SDKROOT; };
		700C882215440F990028F974 /* cloud_clear.png */ = {isa = PBXFileReference; lastKnownFileType = image.png; path = cloud_clear.png; sourceTree = "<group>"; };
		700C882315440F990028F974 /* cloud_clear@2x.png */ = {isa = PBXFileReference; lastKnownFileType = image.png; path = "cloud_clear@2x.png"; sourceTree = "<group>"; };
		700C882415440F990028F974 /* cloud_mainly.png */ = {isa = PBXFileReference; lastKnownFileType = image.png; path = cloud_mainly.png; sourceTree = "<group>"; };
		700C882515440F990028F974 /* cloud_mainly@2x.png */ = {isa = PBXFileReference; lastKnownFileType = image.png; path = "cloud_mainly@2x.png"; sourceTree = "<group>"; };
		700C882615440F990028F974 /* cloud_obscured.png */ = {isa = PBXFileReference; lastKnownFileType = image.png; path = cloud_obscured.png; sourceTree = "<group>"; };
		700C882715440F990028F974 /* cloud_obscured@2x.png */ = {isa = PBXFileReference; lastKnownFileType = image.png; path = "cloud_obscured@2x.png"; sourceTree = "<group>"; };
		700C882815440F990028F974 /* cloud_partial.png */ = {isa = PBXFileReference; lastKnownFileType = image.png; path = cloud_partial.png; sourceTree = "<group>"; };
		700C882915440F990028F974 /* cloud_partial@2x.png */ = {isa = PBXFileReference; lastKnownFileType = image.png; path = "cloud_partial@2x.png"; sourceTree = "<group>"; };
		700C8832154411070028F974 /* meteorshower.jpg */ = {isa = PBXFileReference; lastKnownFileType = image.jpeg; path = meteorshower.jpg; sourceTree = "<group>"; };
		700C8833154411070028F974 /* meteorshower@2x.jpg */ = {isa = PBXFileReference; lastKnownFileType = image.jpeg; path = "meteorshower@2x.jpg"; sourceTree = "<group>"; };
		700C8837154414180028F974 /* about.html */ = {isa = PBXFileReference; fileEncoding = 4; lastKnownFileType = text.html; path = about.html; sourceTree = "<group>"; };
		700C8839154415770028F974 /* logo.png */ = {isa = PBXFileReference; lastKnownFileType = image.png; path = logo.png; sourceTree = "<group>"; };
		70C5671B1542EC8500965BFC /* PredictTheSky.app */ = {isa = PBXFileReference; explicitFileType = wrapper.application; includeInIndex = 0; path = PredictTheSky.app; sourceTree = BUILT_PRODUCTS_DIR; };
		70C5671F1542EC8600965BFC /* UIKit.framework */ = {isa = PBXFileReference; lastKnownFileType = wrapper.framework; name = UIKit.framework; path = System/Library/Frameworks/UIKit.framework; sourceTree = SDKROOT; };
		70C567211542EC8600965BFC /* Foundation.framework */ = {isa = PBXFileReference; lastKnownFileType = wrapper.framework; name = Foundation.framework; path = System/Library/Frameworks/Foundation.framework; sourceTree = SDKROOT; };
		70C567231542EC8600965BFC /* CoreGraphics.framework */ = {isa = PBXFileReference; lastKnownFileType = wrapper.framework; name = CoreGraphics.framework; path = System/Library/Frameworks/CoreGraphics.framework; sourceTree = SDKROOT; };
		70C567271542EC8600965BFC /* PredictTheSky-Info.plist */ = {isa = PBXFileReference; lastKnownFileType = text.plist.xml; path = "PredictTheSky-Info.plist"; sourceTree = "<group>"; };
		70C567291542EC8600965BFC /* en */ = {isa = PBXFileReference; lastKnownFileType = text.plist.strings; name = en; path = en.lproj/InfoPlist.strings; sourceTree = "<group>"; };
		70C5672B1542EC8600965BFC /* main.m */ = {isa = PBXFileReference; lastKnownFileType = sourcecode.c.objc; path = main.m; sourceTree = "<group>"; };
		70C5672D1542EC8600965BFC /* PredictTheSky-Prefix.pch */ = {isa = PBXFileReference; lastKnownFileType = sourcecode.c.h; path = "PredictTheSky-Prefix.pch"; sourceTree = "<group>"; };
		70C5672E1542EC8600965BFC /* AppDelegate.h */ = {isa = PBXFileReference; lastKnownFileType = sourcecode.c.h; path = AppDelegate.h; sourceTree = "<group>"; };
		70C5672F1542EC8600965BFC /* AppDelegate.m */ = {isa = PBXFileReference; lastKnownFileType = sourcecode.c.objc; path = AppDelegate.m; sourceTree = "<group>"; };
		70C567321542EC8600965BFC /* en */ = {isa = PBXFileReference; lastKnownFileType = file.storyboard; name = en; path = en.lproj/MainStoryboard_iPhone.storyboard; sourceTree = "<group>"; };
		70C567351542EC8600965BFC /* en */ = {isa = PBXFileReference; lastKnownFileType = file.storyboard; name = en; path = en.lproj/MainStoryboard_iPad.storyboard; sourceTree = "<group>"; };
		70C567371542EC8600965BFC /* MainViewController.h */ = {isa = PBXFileReference; lastKnownFileType = sourcecode.c.h; path = MainViewController.h; sourceTree = "<group>"; };
		70C567381542EC8600965BFC /* MainViewController.m */ = {isa = PBXFileReference; lastKnownFileType = sourcecode.c.objc; path = MainViewController.m; sourceTree = "<group>"; };
		70C567421542F3E600965BFC /* EventViewController.h */ = {isa = PBXFileReference; fileEncoding = 4; lastKnownFileType = sourcecode.c.h; path = EventViewController.h; sourceTree = "<group>"; };
		70C567431542F3E600965BFC /* EventViewController.m */ = {isa = PBXFileReference; fileEncoding = 4; lastKnownFileType = sourcecode.c.objc; path = EventViewController.m; sourceTree = "<group>"; };
/* End PBXFileReference section */

/* Begin PBXFrameworksBuildPhase section */
		70C567181542EC8500965BFC /* Frameworks */ = {
			isa = PBXFrameworksBuildPhase;
			buildActionMask = 2147483647;
			files = (
				700C8821154403BF0028F974 /* CoreLocation.framework in Frameworks */,
				70C567201542EC8600965BFC /* UIKit.framework in Frameworks */,
				70C567221542EC8600965BFC /* Foundation.framework in Frameworks */,
				70C567241542EC8600965BFC /* CoreGraphics.framework in Frameworks */,
			);
			runOnlyForDeploymentPostprocessing = 0;
		};
/* End PBXFrameworksBuildPhase section */

/* Begin PBXGroup section */
		700C87D9154329CF0028F974 /* About */ = {
			isa = PBXGroup;
			children = (
				700C87DB154329E20028F974 /* AboutViewController.h */,
				700C87DC154329E20028F974 /* AboutViewController.m */,
			);
			name = About;
			sourceTree = "<group>";
		};
		700C87DE15435C7E0028F974 /* Graphics */ = {
			isa = PBXGroup;
			children = (
				700C87E6154361860028F974 /* Icons */,
				700C87DF15435C830028F974 /* Photos */,
			);
			name = Graphics;
			sourceTree = "<group>";
		};
		700C87DF15435C830028F974 /* Photos */ = {
			isa = PBXGroup;
			children = (
				700C87F7154385730028F974 /* aurora.jpg */,
				700C87F8154385730028F974 /* aurora@2x.jpg */,
				700C87F9154385730028F974 /* hubble.jpg */,
				700C8832154411070028F974 /* meteorshower.jpg */,
				700C8833154411070028F974 /* meteorshower@2x.jpg */,
				700C87FA154385730028F974 /* hubble@2x.jpg */,
				700C87E015435C930028F974 /* iss.jpg */,
				700C87E115435C930028F974 /* iss@2x.jpg */,
			);
			name = Photos;
			sourceTree = "<group>";
		};
		700C87E41543614B0028F974 /* Weather */ = {
			isa = PBXGroup;
			children = (
				700C882215440F990028F974 /* cloud_clear.png */,
				700C882315440F990028F974 /* cloud_clear@2x.png */,
				700C882415440F990028F974 /* cloud_mainly.png */,
				700C882515440F990028F974 /* cloud_mainly@2x.png */,
				700C882615440F990028F974 /* cloud_obscured.png */,
				700C882715440F990028F974 /* cloud_obscured@2x.png */,
				700C882815440F990028F974 /* cloud_partial.png */,
				700C882915440F990028F974 /* cloud_partial@2x.png */,
				700C87E71543640C0028F974 /* heavy_rain.png */,
				700C87E81543640C0028F974 /* heavy_rain@2x.png */,
				700C87E91543640C0028F974 /* heavy_snow.png */,
				700C87EA1543640C0028F974 /* heavy_snow@2x.png */,
				700C87EB1543640C0028F974 /* light_rain.png */,
				700C87EC1543640C0028F974 /* light_rain@2x.png */,
				700C87ED1543640C0028F974 /* light_snow.png */,
				700C87EE1543640C0028F974 /* light_snow@2x.png */,
			);
			name = Weather;
			sourceTree = "<group>";
		};
		700C87E6154361860028F974 /* Icons */ = {
			isa = PBXGroup;
			children = (
				700C87E41543614B0028F974 /* Weather */,
			);
			name = Icons;
			sourceTree = "<group>";
		};
		700C87FF154388440028F974 /* Libraries */ = {
			isa = PBXGroup;
			children = (
				700C88001543884A0028F974 /* AFNetworking */,
			);
			name = Libraries;
			sourceTree = "<group>";
		};
		700C88001543884A0028F974 /* AFNetworking */ = {
			isa = PBXGroup;
			children = (
				700C8801154388620028F974 /* AFHTTPClient.m */,
				700C8802154388620028F974 /* AFHTTPRequestOperation.m */,
				700C8803154388620028F974 /* AFImageRequestOperation.m */,
				700C8804154388620028F974 /* AFJSONRequestOperation.m */,
				700C8805154388620028F974 /* AFJSONUtilities.m */,
				700C8806154388620028F974 /* AFNetworkActivityIndicatorManager.m */,
				700C8807154388620028F974 /* AFPropertyListRequestOperation.m */,
				700C8808154388620028F974 /* AFURLConnectionOperation.m */,
				700C8809154388620028F974 /* AFXMLRequestOperation.m */,
				700C880A154388620028F974 /* UIImageView+AFNetworking.m */,
				700C880B154388620028F974 /* AFHTTPClient.h */,
				700C880C154388620028F974 /* AFHTTPRequestOperation.h */,
				700C880D154388620028F974 /* AFImageRequestOperation.h */,
				700C880E154388620028F974 /* AFJSONRequestOperation.h */,
				700C880F154388620028F974 /* AFJSONUtilities.h */,
				700C8810154388620028F974 /* AFNetworkActivityIndicatorManager.h */,
				700C8811154388620028F974 /* AFNetworking.h */,
				700C8812154388620028F974 /* AFPropertyListRequestOperation.h */,
				700C8813154388620028F974 /* AFURLConnectionOperation.h */,
				700C8814154388620028F974 /* AFXMLRequestOperation.h */,
				700C8815154388620028F974 /* UIImageView+AFNetworking.h */,
			);
			name = AFNetworking;
			sourceTree = "<group>";
		};
		700C88361544140A0028F974 /* Content */ = {
			isa = PBXGroup;
			children = (
				700C8839154415770028F974 /* logo.png */,
				700C8837154414180028F974 /* about.html */,
			);
			name = Content;
			sourceTree = "<group>";
		};
		70C567101542EC8500965BFC = {
			isa = PBXGroup;
			children = (
				70C567251542EC8600965BFC /* PredictTheSky */,
				70C5671E1542EC8600965BFC /* Frameworks */,
				70C5671C1542EC8500965BFC /* Products */,
			);
			sourceTree = "<group>";
		};
		70C5671C1542EC8500965BFC /* Products */ = {
			isa = PBXGroup;
			children = (
				70C5671B1542EC8500965BFC /* PredictTheSky.app */,
			);
			name = Products;
			sourceTree = "<group>";
		};
		70C5671E1542EC8600965BFC /* Frameworks */ = {
			isa = PBXGroup;
			children = (
				700C8820154403BF0028F974 /* CoreLocation.framework */,
				70C5671F1542EC8600965BFC /* UIKit.framework */,
				70C567211542EC8600965BFC /* Foundation.framework */,
				70C567231542EC8600965BFC /* CoreGraphics.framework */,
			);
			name = Frameworks;
			sourceTree = "<group>";
		};
		70C567251542EC8600965BFC /* PredictTheSky */ = {
			isa = PBXGroup;
			children = (
				700C87FF154388440028F974 /* Libraries */,
				70C567401542EDFA00965BFC /* View Controllers */,
				70C5673F1542EDEE00965BFC /* Storyboards */,
				70C5672E1542EC8600965BFC /* AppDelegate.h */,
				70C5672F1542EC8600965BFC /* AppDelegate.m */,
				70C567261542EC8600965BFC /* Supporting Files */,
			);
			path = PredictTheSky;
			sourceTree = "<group>";
		};
		70C567261542EC8600965BFC /* Supporting Files */ = {
			isa = PBXGroup;
			children = (
				700C88361544140A0028F974 /* Content */,
				700C87DE15435C7E0028F974 /* Graphics */,
				70C567271542EC8600965BFC /* PredictTheSky-Info.plist */,
				70C567281542EC8600965BFC /* InfoPlist.strings */,
				70C5672B1542EC8600965BFC /* main.m */,
				70C5672D1542EC8600965BFC /* PredictTheSky-Prefix.pch */,
			);
			name = "Supporting Files";
			sourceTree = "<group>";
		};
		70C5673F1542EDEE00965BFC /* Storyboards */ = {
			isa = PBXGroup;
			children = (
				70C567311542EC8600965BFC /* MainStoryboard_iPhone.storyboard */,
				70C567341542EC8600965BFC /* MainStoryboard_iPad.storyboard */,
			);
			name = Storyboards;
			sourceTree = "<group>";
		};
		70C567401542EDFA00965BFC /* View Controllers */ = {
			isa = PBXGroup;
			children = (
				700C87D9154329CF0028F974 /* About */,
				70C567411542F3A300965BFC /* Main */,
				70C567451542F3F400965BFC /* Event */,
			);
			name = "View Controllers";
			sourceTree = "<group>";
		};
		70C567411542F3A300965BFC /* Main */ = {
			isa = PBXGroup;
			children = (
				70C567371542EC8600965BFC /* MainViewController.h */,
				70C567381542EC8600965BFC /* MainViewController.m */,
			);
			name = Main;
			sourceTree = "<group>";
		};
		70C567451542F3F400965BFC /* Event */ = {
			isa = PBXGroup;
			children = (
				70C567421542F3E600965BFC /* EventViewController.h */,
				70C567431542F3E600965BFC /* EventViewController.m */,
			);
			name = Event;
			sourceTree = "<group>";
		};
/* End PBXGroup section */

/* Begin PBXNativeTarget section */
		70C5671A1542EC8500965BFC /* PredictTheSky */ = {
			isa = PBXNativeTarget;
			buildConfigurationList = 70C5673C1542EC8600965BFC /* Build configuration list for PBXNativeTarget "PredictTheSky" */;
			buildPhases = (
				70C567171542EC8500965BFC /* Sources */,
				70C567181542EC8500965BFC /* Frameworks */,
				70C567191542EC8500965BFC /* Resources */,
			);
			buildRules = (
			);
			dependencies = (
			);
			name = PredictTheSky;
			productName = PredictTheSky;
			productReference = 70C5671B1542EC8500965BFC /* PredictTheSky.app */;
			productType = "com.apple.product-type.application";
		};
/* End PBXNativeTarget section */

/* Begin PBXProject section */
		70C567121542EC8500965BFC /* Project object */ = {
			isa = PBXProject;
			attributes = {
				LastUpgradeCheck = 0430;
			};
			buildConfigurationList = 70C567151542EC8500965BFC /* Build configuration list for PBXProject "PredictTheSky" */;
			compatibilityVersion = "Xcode 3.2";
			developmentRegion = English;
			hasScannedForEncodings = 0;
			knownRegions = (
				en,
			);
			mainGroup = 70C567101542EC8500965BFC;
			productRefGroup = 70C5671C1542EC8500965BFC /* Products */;
			projectDirPath = "";
			projectRoot = "";
			targets = (
				70C5671A1542EC8500965BFC /* PredictTheSky */,
			);
		};
/* End PBXProject section */

/* Begin PBXResourcesBuildPhase section */
		70C567191542EC8500965BFC /* Resources */ = {
			isa = PBXResourcesBuildPhase;
			buildActionMask = 2147483647;
			files = (
				70C5672A1542EC8600965BFC /* InfoPlist.strings in Resources */,
				70C567331542EC8600965BFC /* MainStoryboard_iPhone.storyboard in Resources */,
				70C567361542EC8600965BFC /* MainStoryboard_iPad.storyboard in Resources */,
				700C87E215435C930028F974 /* iss.jpg in Resources */,
				700C87E315435C930028F974 /* iss@2x.jpg in Resources */,
				700C87EF1543640C0028F974 /* heavy_rain.png in Resources */,
				700C87F01543640C0028F974 /* heavy_rain@2x.png in Resources */,
				700C87F11543640C0028F974 /* heavy_snow.png in Resources */,
				700C87F21543640C0028F974 /* heavy_snow@2x.png in Resources */,
				700C87F31543640C0028F974 /* light_rain.png in Resources */,
				700C87F41543640C0028F974 /* light_rain@2x.png in Resources */,
				700C87F51543640C0028F974 /* light_snow.png in Resources */,
				700C87F61543640C0028F974 /* light_snow@2x.png in Resources */,
				700C87FB154385730028F974 /* aurora.jpg in Resources */,
				700C87FC154385730028F974 /* aurora@2x.jpg in Resources */,
				700C87FD154385730028F974 /* hubble.jpg in Resources */,
				700C87FE154385730028F974 /* hubble@2x.jpg in Resources */,
				700C882A15440F990028F974 /* cloud_clear.png in Resources */,
				700C882B15440F990028F974 /* cloud_clear@2x.png in Resources */,
				700C882C15440F990028F974 /* cloud_mainly.png in Resources */,
				700C882D15440F990028F974 /* cloud_mainly@2x.png in Resources */,
				700C882E15440F990028F974 /* cloud_obscured.png in Resources */,
				700C882F15440F990028F974 /* cloud_obscured@2x.png in Resources */,
				700C883015440F990028F974 /* cloud_partial.png in Resources */,
				700C883115440F990028F974 /* cloud_partial@2x.png in Resources */,
				700C8834154411070028F974 /* meteorshower.jpg in Resources */,
				700C8835154411070028F974 /* meteorshower@2x.jpg in Resources */,
				700C8838154414180028F974 /* about.html in Resources */,
				700C883A154415770028F974 /* logo.png in Resources */,
			);
			runOnlyForDeploymentPostprocessing = 0;
		};
/* End PBXResourcesBuildPhase section */

/* Begin PBXSourcesBuildPhase section */
		70C567171542EC8500965BFC /* Sources */ = {
			isa = PBXSourcesBuildPhase;
			buildActionMask = 2147483647;
			files = (
				70C5672C1542EC8600965BFC /* main.m in Sources */,
				70C567301542EC8600965BFC /* AppDelegate.m in Sources */,
				70C567391542EC8600965BFC /* MainViewController.m in Sources */,
				70C567441542F3E600965BFC /* EventViewController.m in Sources */,
				700C87DD154329E20028F974 /* AboutViewController.m in Sources */,
				700C8816154388620028F974 /* AFHTTPClient.m in Sources */,
				700C8817154388620028F974 /* AFHTTPRequestOperation.m in Sources */,
				700C8818154388620028F974 /* AFImageRequestOperation.m in Sources */,
				700C8819154388620028F974 /* AFJSONRequestOperation.m in Sources */,
				700C881A154388620028F974 /* AFJSONUtilities.m in Sources */,
				700C881B154388620028F974 /* AFNetworkActivityIndicatorManager.m in Sources */,
				700C881C154388620028F974 /* AFPropertyListRequestOperation.m in Sources */,
				700C881D154388620028F974 /* AFURLConnectionOperation.m in Sources */,
				700C881E154388620028F974 /* AFXMLRequestOperation.m in Sources */,
				700C881F154388620028F974 /* UIImageView+AFNetworking.m in Sources */,
			);
			runOnlyForDeploymentPostprocessing = 0;
		};
/* End PBXSourcesBuildPhase section */

/* Begin PBXVariantGroup section */
		70C567281542EC8600965BFC /* InfoPlist.strings */ = {
			isa = PBXVariantGroup;
			children = (
				70C567291542EC8600965BFC /* en */,
			);
			name = InfoPlist.strings;
			sourceTree = "<group>";
		};
		70C567311542EC8600965BFC /* MainStoryboard_iPhone.storyboard */ = {
			isa = PBXVariantGroup;
			children = (
				70C567321542EC8600965BFC /* en */,
			);
			name = MainStoryboard_iPhone.storyboard;
			sourceTree = "<group>";
		};
		70C567341542EC8600965BFC /* MainStoryboard_iPad.storyboard */ = {
			isa = PBXVariantGroup;
			children = (
				70C567351542EC8600965BFC /* en */,
			);
			name = MainStoryboard_iPad.storyboard;
			sourceTree = "<group>";
		};
/* End PBXVariantGroup section */

/* Begin XCBuildConfiguration section */
		70C5673A1542EC8600965BFC /* Debug */ = {
			isa = XCBuildConfiguration;
			buildSettings = {
				ALWAYS_SEARCH_USER_PATHS = NO;
				ARCHS = "$(ARCHS_STANDARD_32_BIT)";
				CLANG_ENABLE_OBJC_ARC = YES;
				"CODE_SIGN_IDENTITY[sdk=iphoneos*]" = "iPhone Developer";
				COPY_PHASE_STRIP = NO;
				GCC_C_LANGUAGE_STANDARD = gnu99;
				GCC_DYNAMIC_NO_PIC = NO;
				GCC_OPTIMIZATION_LEVEL = 0;
				GCC_PREPROCESSOR_DEFINITIONS = (
					"DEBUG=1",
					"$(inherited)",
				);
				GCC_SYMBOLS_PRIVATE_EXTERN = NO;
				GCC_VERSION = com.apple.compilers.llvm.clang.1_0;
				GCC_WARN_ABOUT_RETURN_TYPE = YES;
				GCC_WARN_UNINITIALIZED_AUTOS = YES;
				GCC_WARN_UNUSED_VARIABLE = YES;
				IPHONEOS_DEPLOYMENT_TARGET = 5.1;
				SDKROOT = iphoneos;
				TARGETED_DEVICE_FAMILY = "1,2";
			};
			name = Debug;
		};
		70C5673B1542EC8600965BFC /* Release */ = {
			isa = XCBuildConfiguration;
			buildSettings = {
				ALWAYS_SEARCH_USER_PATHS = NO;
				ARCHS = "$(ARCHS_STANDARD_32_BIT)";
				CLANG_ENABLE_OBJC_ARC = YES;
				"CODE_SIGN_IDENTITY[sdk=iphoneos*]" = "iPhone Developer";
				COPY_PHASE_STRIP = YES;
				GCC_C_LANGUAGE_STANDARD = gnu99;
				GCC_VERSION = com.apple.compilers.llvm.clang.1_0;
				GCC_WARN_ABOUT_RETURN_TYPE = YES;
				GCC_WARN_UNINITIALIZED_AUTOS = YES;
				GCC_WARN_UNUSED_VARIABLE = YES;
				IPHONEOS_DEPLOYMENT_TARGET = 5.1;
				OTHER_CFLAGS = "-DNS_BLOCK_ASSERTIONS=1";
				SDKROOT = iphoneos;
				TARGETED_DEVICE_FAMILY = "1,2";
				VALIDATE_PRODUCT = YES;
			};
			name = Release;
		};
		70C5673D1542EC8600965BFC /* Debug */ = {
			isa = XCBuildConfiguration;
			buildSettings = {
				CODE_SIGN_IDENTITY = "iPhone Developer: Nick Charlton (MKHPWCAM54)";
				GCC_PRECOMPILE_PREFIX_HEADER = YES;
				GCC_PREFIX_HEADER = "PredictTheSky/PredictTheSky-Prefix.pch";
				INFOPLIST_FILE = "PredictTheSky/PredictTheSky-Info.plist";
				IPHONEOS_DEPLOYMENT_TARGET = 5.0;
				PRODUCT_NAME = "$(TARGET_NAME)";
				PROVISIONING_PROFILE = "1306C3A3-B8EC-4D00-A831-79A0B68F7D45";
				WRAPPER_EXTENSION = app;
			};
			name = Debug;
		};
		70C5673E1542EC8600965BFC /* Release */ = {
			isa = XCBuildConfiguration;
			buildSettings = {
				CODE_SIGN_IDENTITY = "iPhone Developer: Nick Charlton (MKHPWCAM54)";
				GCC_PRECOMPILE_PREFIX_HEADER = YES;
				GCC_PREFIX_HEADER = "PredictTheSky/PredictTheSky-Prefix.pch";
				INFOPLIST_FILE = "PredictTheSky/PredictTheSky-Info.plist";
				IPHONEOS_DEPLOYMENT_TARGET = 5.0;
				PRODUCT_NAME = "$(TARGET_NAME)";
				PROVISIONING_PROFILE = "1306C3A3-B8EC-4D00-A831-79A0B68F7D45";
				WRAPPER_EXTENSION = app;
			};
			name = Release;
		};
/* End XCBuildConfiguration section */

/* Begin XCConfigurationList section */
		70C567151542EC8500965BFC /* Build configuration list for PBXProject "PredictTheSky" */ = {
			isa = XCConfigurationList;
			buildConfigurations = (
				70C5673A1542EC8600965BFC /* Debug */,
				70C5673B1542EC8600965BFC /* Release */,
			);
			defaultConfigurationIsVisible = 0;
			defaultConfigurationName = Release;
		};
		70C5673C1542EC8600965BFC /* Build configuration list for PBXNativeTarget "PredictTheSky" */ = {
			isa = XCConfigurationList;
			buildConfigurations = (
				70C5673D1542EC8600965BFC /* Debug */,
				70C5673E1542EC8600965BFC /* Release */,
			);
			defaultConfigurationIsVisible = 0;
			defaultConfigurationName = Release;
		};
/* End XCConfigurationList section */
	};
	rootObject = 70C567121542EC8500965BFC /* Project object */;
}
